
Microsoft Visual Studio Solution File, Format Version 12.00
# Visual Studio Version 17
VisualStudioVersion = 17.8.34330.188
MinimumVisualStudioVersion = 10.0.40219.1
Project("{FAE04EC0-301F-11D3-BF4B-00C04F79EFBC}") = "PokemonReviewApp", "PokemonReviewApp\PokemonReviewApp.csproj", "{FF88FFD7-901A-4B17-AFC4-F04FD702EBEE}"
EndProject
Global
	GlobalSection(SolutionConfigurationPlatforms) = preSolution
		Debug|Any CPU = Debug|Any CPU
		Release|Any CPU = Release|Any CPU
	EndGlobalSection
	GlobalSection(ProjectConfigurationPlatforms) = postSolution
		{FF88FFD7-901A-4B17-AFC4-F04FD702EBEE}.Debug|Any CPU.ActiveCfg = Debug|Any CPU
		{FF88FFD7-901A-4B17-AFC4-F04FD702EBEE}.Debug|Any CPU.Build.0 = Debug|Any CPU
		{FF88FFD7-901A-4B17-AFC4-F04FD702EBEE}.Release|Any CPU.ActiveCfg = Release|Any CPU
		{FF88FFD7-901A-4B17-AFC4-F04FD702EBEE}.Release|Any CPU.Build.0 = Release|Any CPU
	EndGlobalSection
	GlobalSection(SolutionProperties) = preSolution
		HideSolutionNode = FALSE
	EndGlobalSection
	GlobalSection(ExtensibilityGlobals) = postSolution
		SolutionGuid = {967E2307-4861-4B35-BFC3-9D9192EF2CEA}
	EndGlobalSection
EndGlobal
